
Microsoft Visual Studio Solution File, Format Version 12.00
# Visual Studio Version 17
VisualStudioVersion = 17.8.34309.116
MinimumVisualStudioVersion = 10.0.40219.1
Project("{9A19103F-16F7-4668-BE54-9A1E7A4F7556}") = "ValhallaVaultCyberAwareness", "ValhallaVaultCyberAwareness\ValhallaVaultCyberAwareness\ValhallaVaultCyberAwareness.csproj", "{F1682266-4ADA-403B-B5F7-7BBF5CA3167A}"
EndProject
Project("{9A19103F-16F7-4668-BE54-9A1E7A4F7556}") = "ValhallaVaultCyberAwareness.Client", "ValhallaVaultCyberAwareness\ValhallaVaultCyberAwareness.Client\ValhallaVaultCyberAwareness.Client.csproj", "{F68A26D2-16A6-451C-8FDA-906AE4CDC6D5}"
EndProject
Project("{9A19103F-16F7-4668-BE54-9A1E7A4F7556}") = "ValhallaTest", "ValhallaTest\ValhallaTest.csproj", "{336C3408-D61A-489F-A2F9-87ACC004EE9C}"
EndProject
Global
	GlobalSection(SolutionConfigurationPlatforms) = preSolution
		Debug|Any CPU = Debug|Any CPU
		Release|Any CPU = Release|Any CPU
	EndGlobalSection
	GlobalSection(ProjectConfigurationPlatforms) = postSolution
		{F1682266-4ADA-403B-B5F7-7BBF5CA3167A}.Debug|Any CPU.ActiveCfg = Debug|Any CPU
		{F1682266-4ADA-403B-B5F7-7BBF5CA3167A}.Debug|Any CPU.Build.0 = Debug|Any CPU
		{F1682266-4ADA-403B-B5F7-7BBF5CA3167A}.Release|Any CPU.ActiveCfg = Release|Any CPU
		{F1682266-4ADA-403B-B5F7-7BBF5CA3167A}.Release|Any CPU.Build.0 = Release|Any CPU
		{F68A26D2-16A6-451C-8FDA-906AE4CDC6D5}.Debug|Any CPU.ActiveCfg = Debug|Any CPU
		{F68A26D2-16A6-451C-8FDA-906AE4CDC6D5}.Debug|Any CPU.Build.0 = Debug|Any CPU
		{F68A26D2-16A6-451C-8FDA-906AE4CDC6D5}.Release|Any CPU.ActiveCfg = Release|Any CPU
		{F68A26D2-16A6-451C-8FDA-906AE4CDC6D5}.Release|Any CPU.Build.0 = Release|Any CPU
		{336C3408-D61A-489F-A2F9-87ACC004EE9C}.Debug|Any CPU.ActiveCfg = Debug|Any CPU
		{336C3408-D61A-489F-A2F9-87ACC004EE9C}.Debug|Any CPU.Build.0 = Debug|Any CPU
		{336C3408-D61A-489F-A2F9-87ACC004EE9C}.Release|Any CPU.ActiveCfg = Release|Any CPU
		{336C3408-D61A-489F-A2F9-87ACC004EE9C}.Release|Any CPU.Build.0 = Release|Any CPU
	EndGlobalSection
	GlobalSection(SolutionProperties) = preSolution
		HideSolutionNode = FALSE
	EndGlobalSection
	GlobalSection(ExtensibilityGlobals) = postSolution
		SolutionGuid = {69544EAC-36E2-44E2-83D5-414406568FC6}
	EndGlobalSection
EndGlobal
